
Microsoft Visual Studio Solution File, Format Version 12.00
# Visual Studio 15
VisualStudioVersion = 15.0.26730.16
MinimumVisualStudioVersion = 10.0.40219.1
Project("{FAE04EC0-301F-11D3-BF4B-00C04F79EFBC}") = "CensoNacional", "CensoNacional\CensoNacional.csproj", "{0AB7A3EF-9601-406A-AF99-DEFEF44E9ACB}"
EndProject
Global
	GlobalSection(SolutionConfigurationPlatforms) = preSolution
		Debug|Any CPU = Debug|Any CPU
		Release|Any CPU = Release|Any CPU
	EndGlobalSection
	GlobalSection(ProjectConfigurationPlatforms) = postSolution
		{0AB7A3EF-9601-406A-AF99-DEFEF44E9ACB}.Debug|Any CPU.ActiveCfg = Debug|Any CPU
		{0AB7A3EF-9601-406A-AF99-DEFEF44E9ACB}.Debug|Any CPU.Build.0 = Debug|Any CPU
		{0AB7A3EF-9601-406A-AF99-DEFEF44E9ACB}.Release|Any CPU.ActiveCfg = Release|Any CPU
		{0AB7A3EF-9601-406A-AF99-DEFEF44E9ACB}.Release|Any CPU.Build.0 = Release|Any CPU
	EndGlobalSection
	GlobalSection(SolutionProperties) = preSolution
		HideSolutionNode = FALSE
	EndGlobalSection
	GlobalSection(ExtensibilityGlobals) = postSolution
		SolutionGuid = {DB9E57DC-F0D7-468F-B5DD-616CAE863078}
	EndGlobalSection
EndGlobal
